// !$*UTF8*$!
{
	archiveVersion = 1;
	classes = {
	};
	objectVersion = 56;
	objects = {

/* Begin PBXBuildFile section */
		6A3F1CC52BF3B26B006A8AF4 /* IAPViewController.swift in Sources */ = {isa = PBXBuildFile; fileRef = 6A3F1CC32BF3B26B006A8AF4 /* IAPViewController.swift */; };
		6A3F1CC62BF3B26B006A8AF4 /* IAPViewController.xib in Resources */ = {isa = PBXBuildFile; fileRef = 6A3F1CC42BF3B26B006A8AF4 /* IAPViewController.xib */; };
		6A3F1CC92BF3B298006A8AF4 /* RevenueCat in Frameworks */ = {isa = PBXBuildFile; productRef = 6A3F1CC82BF3B298006A8AF4 /* RevenueCat */; };
		6A4023122BF0AB86007E2664 /* IQKeyboardManagerSwift in Frameworks */ = {isa = PBXBuildFile; productRef = 6A4023112BF0AB86007E2664 /* IQKeyboardManagerSwift */; };
		6A4023142BF0DF60007E2664 /* PrivacyInfo.xcprivacy in Resources */ = {isa = PBXBuildFile; fileRef = 6A4023132BF0DF60007E2664 /* PrivacyInfo.xcprivacy */; };
		6A4023162BF0DF63007E2664 /* API.swift in Sources */ = {isa = PBXBuildFile; fileRef = 6A4023152BF0DF63007E2664 /* API.swift */; };
		6A4023182BF0E1E5007E2664 /* APIManager.swift in Sources */ = {isa = PBXBuildFile; fileRef = 6A4023172BF0E1E5007E2664 /* APIManager.swift */; };
		6A40231A2BF11287007E2664 /* Lottie.json in Resources */ = {isa = PBXBuildFile; fileRef = 6A4023192BF11287007E2664 /* Lottie.json */; };
		6A40231D2BF112AD007E2664 /* Lottie in Frameworks */ = {isa = PBXBuildFile; productRef = 6A40231C2BF112AD007E2664 /* Lottie */; };
		6A40231F2BF11361007E2664 /* Loading.swift in Sources */ = {isa = PBXBuildFile; fileRef = 6A40231E2BF11361007E2664 /* Loading.swift */; };
		6A5FB5672BF2547400C004CA /* DetailsVC.swift in Sources */ = {isa = PBXBuildFile; fileRef = 6A5FB5652BF2547400C004CA /* DetailsVC.swift */; };
		6A6AEA062C0B0C4B0079C2FE /* WatingQueueViewController.swift in Sources */ = {isa = PBXBuildFile; fileRef = 6A6AEA052C0B0C4B0079C2FE /* WatingQueueViewController.swift */; };
		6A6AEA0E2C0B16C10079C2FE /* Wait.json in Resources */ = {isa = PBXBuildFile; fileRef = 6A6AEA0D2C0B16C10079C2FE /* Wait.json */; };
		6AA280C32BF0A0AB00B94298 /* AppDelegate.swift in Sources */ = {isa = PBXBuildFile; fileRef = 6AA280C22BF0A0AB00B94298 /* AppDelegate.swift */; };
		6AA280C72BF0A0AB00B94298 /* ViewController.swift in Sources */ = {isa = PBXBuildFile; fileRef = 6AA280C62BF0A0AB00B94298 /* ViewController.swift */; };
		6AA280CA2BF0A0AB00B94298 /* Main.storyboard in Resources */ = {isa = PBXBuildFile; fileRef = 6AA280C82BF0A0AB00B94298 /* Main.storyboard */; };
		6AA280CC2BF0A0AC00B94298 /* Assets.xcassets in Resources */ = {isa = PBXBuildFile; fileRef = 6AA280CB2BF0A0AC00B94298 /* Assets.xcassets */; };
		6AA280CF2BF0A0AC00B94298 /* LaunchScreen.storyboard in Resources */ = {isa = PBXBuildFile; fileRef = 6AA280CD2BF0A0AC00B94298 /* LaunchScreen.storyboard */; };
		6AAEC7412BF4D345007BC1EB /* GoogleService-Info.plist in Resources */ = {isa = PBXBuildFile; fileRef = 6AAEC7402BF4D345007BC1EB /* GoogleService-Info.plist */; };
		6AAEC7442BF4D3D5007BC1EB /* FirebaseAnalyticsOnDeviceConversion in Frameworks */ = {isa = PBXBuildFile; productRef = 6AAEC7432BF4D3D5007BC1EB /* FirebaseAnalyticsOnDeviceConversion */; };
		6AAEC7462BF4D3D5007BC1EB /* FirebaseAnalyticsWithoutAdIdSupport in Frameworks */ = {isa = PBXBuildFile; productRef = 6AAEC7452BF4D3D5007BC1EB /* FirebaseAnalyticsWithoutAdIdSupport */; };
		6AB341602BF28C7E006BA833 /* TabBarController.swift in Sources */ = {isa = PBXBuildFile; fileRef = 6AB3415F2BF28C7E006BA833 /* TabBarController.swift */; };
		6AB341622BF28DF4006BA833 /* CameraViewController.swift in Sources */ = {isa = PBXBuildFile; fileRef = 6AB341612BF28DF4006BA833 /* CameraViewController.swift */; };
		6AB341642BF38171006BA833 /* HIstoryViewController.swift in Sources */ = {isa = PBXBuildFile; fileRef = 6AB341632BF38171006BA833 /* HIstoryViewController.swift */; };
		6AB341682BF3A7B4006BA833 /* WelcomeEnd.swift in Sources */ = {isa = PBXBuildFile; fileRef = 6AB341662BF3A7B4006BA833 /* WelcomeEnd.swift */; };
		6AB341692BF3A7B4006BA833 /* Welcome.storyboard in Resources */ = {isa = PBXBuildFile; fileRef = 6AB341672BF3A7B4006BA833 /* Welcome.storyboard */; };
/* End PBXBuildFile section */

/* Begin PBXFileReference section */
		6A3F1CC32BF3B26B006A8AF4 /* IAPViewController.swift */ = {isa = PBXFileReference; fileEncoding = 4; lastKnownFileType = sourcecode.swift; path = IAPViewController.swift; sourceTree = "<group>"; };
		6A3F1CC42BF3B26B006A8AF4 /* IAPViewController.xib */ = {isa = PBXFileReference; fileEncoding = 4; lastKnownFileType = file.xib; path = IAPViewController.xib; sourceTree = "<group>"; };
		6A4023132BF0DF60007E2664 /* PrivacyInfo.xcprivacy */ = {isa = PBXFileReference; fileEncoding = 4; lastKnownFileType = text.xml; path = PrivacyInfo.xcprivacy; sourceTree = "<group>"; };
		6A4023152BF0DF63007E2664 /* API.swift */ = {isa = PBXFileReference; fileEncoding = 4; lastKnownFileType = sourcecode.swift; path = API.swift; sourceTree = "<group>"; };
		6A4023172BF0E1E5007E2664 /* APIManager.swift */ = {isa = PBXFileReference; lastKnownFileType = sourcecode.swift; path = APIManager.swift; sourceTree = "<group>"; };
		6A4023192BF11287007E2664 /* Lottie.json */ = {isa = PBXFileReference; fileEncoding = 4; lastKnownFileType = text.json; path = Lottie.json; sourceTree = "<group>"; };
		6A40231E2BF11361007E2664 /* Loading.swift */ = {isa = PBXFileReference; lastKnownFileType = sourcecode.swift; path = Loading.swift; sourceTree = "<group>"; };
		6A5FB5652BF2547400C004CA /* DetailsVC.swift */ = {isa = PBXFileReference; lastKnownFileType = sourcecode.swift; path = DetailsVC.swift; sourceTree = "<group>"; };
		6A6AEA052C0B0C4B0079C2FE /* WatingQueueViewController.swift */ = {isa = PBXFileReference; lastKnownFileType = sourcecode.swift; path = WatingQueueViewController.swift; sourceTree = "<group>"; };
		6A6AEA0D2C0B16C10079C2FE /* Wait.json */ = {isa = PBXFileReference; fileEncoding = 4; lastKnownFileType = text.json; name = Wait.json; path = ../../../Wait.json; sourceTree = "<group>"; };
		6AA280BF2BF0A0AB00B94298 /* Ai Analyzer.app */ = {isa = PBXFileReference; explicitFileType = wrapper.application; includeInIndex = 0; path = "Ai Analyzer.app"; sourceTree = BUILT_PRODUCTS_DIR; };
		6AA280C22BF0A0AB00B94298 /* AppDelegate.swift */ = {isa = PBXFileReference; lastKnownFileType = sourcecode.swift; path = AppDelegate.swift; sourceTree = "<group>"; };
		6AA280C62BF0A0AB00B94298 /* ViewController.swift */ = {isa = PBXFileReference; lastKnownFileType = sourcecode.swift; path = ViewController.swift; sourceTree = "<group>"; };
		6AA280C92BF0A0AB00B94298 /* Base */ = {isa = PBXFileReference; lastKnownFileType = file.storyboard; name = Base; path = Base.lproj/Main.storyboard; sourceTree = "<group>"; };
		6AA280CB2BF0A0AC00B94298 /* Assets.xcassets */ = {isa = PBXFileReference; lastKnownFileType = folder.assetcatalog; path = Assets.xcassets; sourceTree = "<group>"; };
		6AA280CE2BF0A0AC00B94298 /* Base */ = {isa = PBXFileReference; lastKnownFileType = file.storyboard; name = Base; path = Base.lproj/LaunchScreen.storyboard; sourceTree = "<group>"; };
		6AA280D02BF0A0AC00B94298 /* Info.plist */ = {isa = PBXFileReference; lastKnownFileType = text.plist.xml; path = Info.plist; sourceTree = "<group>"; };
		6AAEC7402BF4D345007BC1EB /* GoogleService-Info.plist */ = {isa = PBXFileReference; fileEncoding = 4; lastKnownFileType = text.plist.xml; path = "GoogleService-Info.plist"; sourceTree = "<group>"; };
		6AB3415F2BF28C7E006BA833 /* TabBarController.swift */ = {isa = PBXFileReference; lastKnownFileType = sourcecode.swift; path = TabBarController.swift; sourceTree = "<group>"; };
		6AB341612BF28DF4006BA833 /* CameraViewController.swift */ = {isa = PBXFileReference; lastKnownFileType = sourcecode.swift; path = CameraViewController.swift; sourceTree = "<group>"; };
		6AB341632BF38171006BA833 /* HIstoryViewController.swift */ = {isa = PBXFileReference; lastKnownFileType = sourcecode.swift; path = HIstoryViewController.swift; sourceTree = "<group>"; };
		6AB341662BF3A7B4006BA833 /* WelcomeEnd.swift */ = {isa = PBXFileReference; fileEncoding = 4; lastKnownFileType = sourcecode.swift; path = WelcomeEnd.swift; sourceTree = "<group>"; };
		6AB341672BF3A7B4006BA833 /* Welcome.storyboard */ = {isa = PBXFileReference; fileEncoding = 4; lastKnownFileType = file.storyboard; path = Welcome.storyboard; sourceTree = "<group>"; };
/* End PBXFileReference section */

/* Begin PBXFrameworksBuildPhase section */
		6AA280BC2BF0A0AB00B94298 /* Frameworks */ = {
			isa = PBXFrameworksBuildPhase;
			buildActionMask = 2147483647;
			files = (
				6A4023122BF0AB86007E2664 /* IQKeyboardManagerSwift in Frameworks */,
				6AAEC7462BF4D3D5007BC1EB /* FirebaseAnalyticsWithoutAdIdSupport in Frameworks */,
				6A40231D2BF112AD007E2664 /* Lottie in Frameworks */,
				6A3F1CC92BF3B298006A8AF4 /* RevenueCat in Frameworks */,
				6AAEC7442BF4D3D5007BC1EB /* FirebaseAnalyticsOnDeviceConversion in Frameworks */,
			);
			runOnlyForDeploymentPostprocessing = 0;
		};
/* End PBXFrameworksBuildPhase section */

/* Begin PBXGroup section */
		6A3F1CC22BF3B26B006A8AF4 /* IAP */ = {
			isa = PBXGroup;
			children = (
				6A3F1CC32BF3B26B006A8AF4 /* IAPViewController.swift */,
				6A3F1CC42BF3B26B006A8AF4 /* IAPViewController.xib */,
			);
			path = IAP;
			sourceTree = "<group>";
		};
		6AA280B62BF0A0AB00B94298 = {
			isa = PBXGroup;
			children = (
				6A4023132BF0DF60007E2664 /* PrivacyInfo.xcprivacy */,
				6AA280C12BF0A0AB00B94298 /* Ai Analyzer */,
				6AA280C02BF0A0AB00B94298 /* Products */,
			);
			sourceTree = "<group>";
		};
		6AA280C02BF0A0AB00B94298 /* Products */ = {
			isa = PBXGroup;
			children = (
				6AA280BF2BF0A0AB00B94298 /* Ai Analyzer.app */,
			);
			name = Products;
			sourceTree = "<group>";
		};
		6AA280C12BF0A0AB00B94298 /* Ai Analyzer */ = {
			isa = PBXGroup;
			children = (
				6AAEC7402BF4D345007BC1EB /* GoogleService-Info.plist */,
				6A3F1CC22BF3B26B006A8AF4 /* IAP */,
				6AB341652BF3A7B4006BA833 /* Welcome */,
				6A4023192BF11287007E2664 /* Lottie.json */,
				6A6AEA0D2C0B16C10079C2FE /* Wait.json */,
				6AA280C82BF0A0AB00B94298 /* Main.storyboard */,
				6A4023172BF0E1E5007E2664 /* APIManager.swift */,
				6A4023152BF0DF63007E2664 /* API.swift */,
				6AA280C22BF0A0AB00B94298 /* AppDelegate.swift */,
				6AA280C62BF0A0AB00B94298 /* ViewController.swift */,
				6AA280CB2BF0A0AC00B94298 /* Assets.xcassets */,
				6AA280CD2BF0A0AC00B94298 /* LaunchScreen.storyboard */,
				6AA280D02BF0A0AC00B94298 /* Info.plist */,
				6A40231E2BF11361007E2664 /* Loading.swift */,
				6A5FB5652BF2547400C004CA /* DetailsVC.swift */,
				6AB3415F2BF28C7E006BA833 /* TabBarController.swift */,
				6AB341612BF28DF4006BA833 /* CameraViewController.swift */,
				6AB341632BF38171006BA833 /* HIstoryViewController.swift */,
				6A6AEA052C0B0C4B0079C2FE /* WatingQueueViewController.swift */,
			);
			path = "Ai Analyzer";
			sourceTree = "<group>";
		};
		6AB341652BF3A7B4006BA833 /* Welcome */ = {
			isa = PBXGroup;
			children = (
				6AB341662BF3A7B4006BA833 /* WelcomeEnd.swift */,
				6AB341672BF3A7B4006BA833 /* Welcome.storyboard */,
			);
			path = Welcome;
			sourceTree = "<group>";
		};
/* End PBXGroup section */

/* Begin PBXNativeTarget section */
		6AA280BE2BF0A0AB00B94298 /* Ai Analyzer */ = {
			isa = PBXNativeTarget;
			buildConfigurationList = 6AA280D32BF0A0AD00B94298 /* Build configuration list for PBXNativeTarget "Ai Analyzer" */;
			buildPhases = (
				6AA280BB2BF0A0AB00B94298 /* Sources */,
				6AA280BC2BF0A0AB00B94298 /* Frameworks */,
				6AA280BD2BF0A0AB00B94298 /* Resources */,
			);
			buildRules = (
			);
			dependencies = (
			);
			name = "Ai Analyzer";
			packageProductDependencies = (
				6A4023112BF0AB86007E2664 /* IQKeyboardManagerSwift */,
				6A40231C2BF112AD007E2664 /* Lottie */,
				6A3F1CC82BF3B298006A8AF4 /* RevenueCat */,
				6AAEC7432BF4D3D5007BC1EB /* FirebaseAnalyticsOnDeviceConversion */,
				6AAEC7452BF4D3D5007BC1EB /* FirebaseAnalyticsWithoutAdIdSupport */,
			);
			productName = "Ai Analyzer";
			productReference = 6AA280BF2BF0A0AB00B94298 /* Ai Analyzer.app */;
			productType = "com.apple.product-type.application";
		};
/* End PBXNativeTarget section */

/* Begin PBXProject section */
		6AA280B72BF0A0AB00B94298 /* Project object */ = {
			isa = PBXProject;
			attributes = {
				BuildIndependentTargetsInParallel = 1;
				LastSwiftUpdateCheck = 1500;
				LastUpgradeCheck = 1500;
				TargetAttributes = {
					6AA280BE2BF0A0AB00B94298 = {
						CreatedOnToolsVersion = 15.0.1;
					};
				};
			};
			buildConfigurationList = 6AA280BA2BF0A0AB00B94298 /* Build configuration list for PBXProject "Ai Analyzer" */;
			compatibilityVersion = "Xcode 14.0";
			developmentRegion = en;
			hasScannedForEncodings = 0;
			knownRegions = (
				en,
				Base,
			);
			mainGroup = 6AA280B62BF0A0AB00B94298;
			packageReferences = (
				6A4023102BF0AB85007E2664 /* XCRemoteSwiftPackageReference "IQKeyboardManager" */,
				6A40231B2BF112AC007E2664 /* XCRemoteSwiftPackageReference "lottie-ios" */,
				6A3F1CC72BF3B298006A8AF4 /* XCRemoteSwiftPackageReference "purchases-ios" */,
				6AAEC7422BF4D3D5007BC1EB /* XCRemoteSwiftPackageReference "firebase-ios-sdk" */,
			);
			productRefGroup = 6AA280C02BF0A0AB00B94298 /* Products */;
			projectDirPath = "";
			projectRoot = "";
			targets = (
				6AA280BE2BF0A0AB00B94298 /* Ai Analyzer */,
			);
		};
/* End PBXProject section */

/* Begin PBXResourcesBuildPhase section */
		6AA280BD2BF0A0AB00B94298 /* Resources */ = {
			isa = PBXResourcesBuildPhase;
			buildActionMask = 2147483647;
			files = (
				6A6AEA0E2C0B16C10079C2FE /* Wait.json in Resources */,
				6AA280CF2BF0A0AC00B94298 /* LaunchScreen.storyboard in Resources */,
				6AAEC7412BF4D345007BC1EB /* GoogleService-Info.plist in Resources */,
				6A3F1CC62BF3B26B006A8AF4 /* IAPViewController.xib in Resources */,
				6A40231A2BF11287007E2664 /* Lottie.json in Resources */,
				6AA280CC2BF0A0AC00B94298 /* Assets.xcassets in Resources */,
				6A4023142BF0DF60007E2664 /* PrivacyInfo.xcprivacy in Resources */,
				6AA280CA2BF0A0AB00B94298 /* Main.storyboard in Resources */,
				6AB341692BF3A7B4006BA833 /* Welcome.storyboard in Resources */,
			);
			runOnlyForDeploymentPostprocessing = 0;
		};
/* End PBXResourcesBuildPhase section */

/* Begin PBXSourcesBuildPhase section */
		6AA280BB2BF0A0AB00B94298 /* Sources */ = {
			isa = PBXSourcesBuildPhase;
			buildActionMask = 2147483647;
			files = (
				6A4023182BF0E1E5007E2664 /* APIManager.swift in Sources */,
				6A5FB5672BF2547400C004CA /* DetailsVC.swift in Sources */,
				6AB341682BF3A7B4006BA833 /* WelcomeEnd.swift in Sources */,
				6AB341642BF38171006BA833 /* HIstoryViewController.swift in Sources */,
				6AA280C72BF0A0AB00B94298 /* ViewController.swift in Sources */,
				6A40231F2BF11361007E2664 /* Loading.swift in Sources */,
				6AB341602BF28C7E006BA833 /* TabBarController.swift in Sources */,
				6A3F1CC52BF3B26B006A8AF4 /* IAPViewController.swift in Sources */,
				6A6AEA062C0B0C4B0079C2FE /* WatingQueueViewController.swift in Sources */,
				6AB341622BF28DF4006BA833 /* CameraViewController.swift in Sources */,
				6A4023162BF0DF63007E2664 /* API.swift in Sources */,
				6AA280C32BF0A0AB00B94298 /* AppDelegate.swift in Sources */,
			);
			runOnlyForDeploymentPostprocessing = 0;
		};
/* End PBXSourcesBuildPhase section */

/* Begin PBXVariantGroup section */
		6AA280C82BF0A0AB00B94298 /* Main.storyboard */ = {
			isa = PBXVariantGroup;
			children = (
				6AA280C92BF0A0AB00B94298 /* Base */,
			);
			name = Main.storyboard;
			sourceTree = "<group>";
		};
		6AA280CD2BF0A0AC00B94298 /* LaunchScreen.storyboard */ = {
			isa = PBXVariantGroup;
			children = (
				6AA280CE2BF0A0AC00B94298 /* Base */,
			);
			name = LaunchScreen.storyboard;
			sourceTree = "<group>";
		};
/* End PBXVariantGroup section */

/* Begin XCBuildConfiguration section */
		6AA280D12BF0A0AD00B94298 /* Debug */ = {
			isa = XCBuildConfiguration;
			buildSettings = {
				ALWAYS_SEARCH_USER_PATHS = NO;
				ASSETCATALOG_COMPILER_GENERATE_SWIFT_ASSET_SYMBOL_EXTENSIONS = YES;
				CLANG_ANALYZER_NONNULL = YES;
				CLANG_ANALYZER_NUMBER_OBJECT_CONVERSION = YES_AGGRESSIVE;
				CLANG_CXX_LANGUAGE_STANDARD = "gnu++20";
				CLANG_ENABLE_MODULES = YES;
				CLANG_ENABLE_OBJC_ARC = YES;
				CLANG_ENABLE_OBJC_WEAK = YES;
				CLANG_WARN_BLOCK_CAPTURE_AUTORELEASING = YES;
				CLANG_WARN_BOOL_CONVERSION = YES;
				CLANG_WARN_COMMA = YES;
				CLANG_WARN_CONSTANT_CONVERSION = YES;
				CLANG_WARN_DEPRECATED_OBJC_IMPLEMENTATIONS = YES;
				CLANG_WARN_DIRECT_OBJC_ISA_USAGE = YES_ERROR;
				CLANG_WARN_DOCUMENTATION_COMMENTS = YES;
				CLANG_WARN_EMPTY_BODY = YES;
				CLANG_WARN_ENUM_CONVERSION = YES;
				CLANG_WARN_INFINITE_RECURSION = YES;
				CLANG_WARN_INT_CONVERSION = YES;
				CLANG_WARN_NON_LITERAL_NULL_CONVERSION = YES;
				CLANG_WARN_OBJC_IMPLICIT_RETAIN_SELF = YES;
				CLANG_WARN_OBJC_LITERAL_CONVERSION = YES;
				CLANG_WARN_OBJC_ROOT_CLASS = YES_ERROR;
				CLANG_WARN_QUOTED_INCLUDE_IN_FRAMEWORK_HEADER = YES;
				CLANG_WARN_RANGE_LOOP_ANALYSIS = YES;
				CLANG_WARN_STRICT_PROTOTYPES = YES;
				CLANG_WARN_SUSPICIOUS_MOVE = YES;
				CLANG_WARN_UNGUARDED_AVAILABILITY = YES_AGGRESSIVE;
				CLANG_WARN_UNREACHABLE_CODE = YES;
				CLANG_WARN__DUPLICATE_METHOD_MATCH = YES;
				COPY_PHASE_STRIP = NO;
				DEBUG_INFORMATION_FORMAT = dwarf;
				ENABLE_STRICT_OBJC_MSGSEND = YES;
				ENABLE_TESTABILITY = YES;
				ENABLE_USER_SCRIPT_SANDBOXING = YES;
				GCC_C_LANGUAGE_STANDARD = gnu17;
				GCC_DYNAMIC_NO_PIC = NO;
				GCC_NO_COMMON_BLOCKS = YES;
				GCC_OPTIMIZATION_LEVEL = 0;
				GCC_PREPROCESSOR_DEFINITIONS = (
					"DEBUG=1",
					"$(inherited)",
				);
				GCC_WARN_64_TO_32_BIT_CONVERSION = YES;
				GCC_WARN_ABOUT_RETURN_TYPE = YES_ERROR;
				GCC_WARN_UNDECLARED_SELECTOR = YES;
				GCC_WARN_UNINITIALIZED_AUTOS = YES_AGGRESSIVE;
				GCC_WARN_UNUSED_FUNCTION = YES;
				GCC_WARN_UNUSED_VARIABLE = YES;
				IPHONEOS_DEPLOYMENT_TARGET = 17.0;
				LOCALIZATION_PREFERS_STRING_CATALOGS = YES;
				MTL_ENABLE_DEBUG_INFO = INCLUDE_SOURCE;
				MTL_FAST_MATH = YES;
				ONLY_ACTIVE_ARCH = YES;
				SDKROOT = iphoneos;
				SWIFT_ACTIVE_COMPILATION_CONDITIONS = "DEBUG $(inherited)";
				SWIFT_OPTIMIZATION_LEVEL = "-Onone";
			};
			name = Debug;
		};
		6AA280D22BF0A0AD00B94298 /* Release */ = {
			isa = XCBuildConfiguration;
			buildSettings = {
				ALWAYS_SEARCH_USER_PATHS = NO;
				ASSETCATALOG_COMPILER_GENERATE_SWIFT_ASSET_SYMBOL_EXTENSIONS = YES;
				CLANG_ANALYZER_NONNULL = YES;
				CLANG_ANALYZER_NUMBER_OBJECT_CONVERSION = YES_AGGRESSIVE;
				CLANG_CXX_LANGUAGE_STANDARD = "gnu++20";
				CLANG_ENABLE_MODULES = YES;
				CLANG_ENABLE_OBJC_ARC = YES;
				CLANG_ENABLE_OBJC_WEAK = YES;
				CLANG_WARN_BLOCK_CAPTURE_AUTORELEASING = YES;
				CLANG_WARN_BOOL_CONVERSION = YES;
				CLANG_WARN_COMMA = YES;
				CLANG_WARN_CONSTANT_CONVERSION = YES;
				CLANG_WARN_DEPRECATED_OBJC_IMPLEMENTATIONS = YES;
				CLANG_WARN_DIRECT_OBJC_ISA_USAGE = YES_ERROR;
				CLANG_WARN_DOCUMENTATION_COMMENTS = YES;
				CLANG_WARN_EMPTY_BODY = YES;
				CLANG_WARN_ENUM_CONVERSION = YES;
				CLANG_WARN_INFINITE_RECURSION = YES;
				CLANG_WARN_INT_CONVERSION = YES;
				CLANG_WARN_NON_LITERAL_NULL_CONVERSION = YES;
				CLANG_WARN_OBJC_IMPLICIT_RETAIN_SELF = YES;
				CLANG_WARN_OBJC_LITERAL_CONVERSION = YES;
				CLANG_WARN_OBJC_ROOT_CLASS = YES_ERROR;
				CLANG_WARN_QUOTED_INCLUDE_IN_FRAMEWORK_HEADER = YES;
				CLANG_WARN_RANGE_LOOP_ANALYSIS = YES;
				CLANG_WARN_STRICT_PROTOTYPES = YES;
				CLANG_WARN_SUSPICIOUS_MOVE = YES;
				CLANG_WARN_UNGUARDED_AVAILABILITY = YES_AGGRESSIVE;
				CLANG_WARN_UNREACHABLE_CODE = YES;
				CLANG_WARN__DUPLICATE_METHOD_MATCH = YES;
				COPY_PHASE_STRIP = NO;
				DEBUG_INFORMATION_FORMAT = "dwarf-with-dsym";
				ENABLE_NS_ASSERTIONS = NO;
				ENABLE_STRICT_OBJC_MSGSEND = YES;
				ENABLE_USER_SCRIPT_SANDBOXING = YES;
				GCC_C_LANGUAGE_STANDARD = gnu17;
				GCC_NO_COMMON_BLOCKS = YES;
				GCC_WARN_64_TO_32_BIT_CONVERSION = YES;
				GCC_WARN_ABOUT_RETURN_TYPE = YES_ERROR;
				GCC_WARN_UNDECLARED_SELECTOR = YES;
				GCC_WARN_UNINITIALIZED_AUTOS = YES_AGGRESSIVE;
				GCC_WARN_UNUSED_FUNCTION = YES;
				GCC_WARN_UNUSED_VARIABLE = YES;
				IPHONEOS_DEPLOYMENT_TARGET = 17.0;
				LOCALIZATION_PREFERS_STRING_CATALOGS = YES;
				MTL_ENABLE_DEBUG_INFO = NO;
				MTL_FAST_MATH = YES;
				SDKROOT = iphoneos;
				SWIFT_COMPILATION_MODE = wholemodule;
				VALIDATE_PRODUCT = YES;
			};
			name = Release;
		};
		6AA280D42BF0A0AD00B94298 /* Debug */ = {
			isa = XCBuildConfiguration;
			buildSettings = {
				ASSETCATALOG_COMPILER_APPICON_NAME = AppIcon;
				ASSETCATALOG_COMPILER_GLOBAL_ACCENT_COLOR_NAME = AccentColor;
				CODE_SIGN_STYLE = Automatic;
				CURRENT_PROJECT_VERSION = 10;
				DEVELOPMENT_TEAM = N94VNUZC4A;
				GENERATE_INFOPLIST_FILE = YES;
				INFOPLIST_FILE = "Ai Analyzer/Info.plist";
				INFOPLIST_KEY_CFBundleDisplayName = "Ai Simplify";
				INFOPLIST_KEY_LSApplicationCategoryType = "public.app-category.education";
				INFOPLIST_KEY_NSCameraUsageDescription = "We want to use camera in order to detect texts to summarize it.";
				INFOPLIST_KEY_UIApplicationSupportsIndirectInputEvents = YES;
				INFOPLIST_KEY_UILaunchStoryboardName = LaunchScreen;
				INFOPLIST_KEY_UIMainStoryboardFile = Main;
				INFOPLIST_KEY_UISupportedInterfaceOrientations = UIInterfaceOrientationPortrait;
				INFOPLIST_KEY_UISupportedInterfaceOrientations_iPad = UIInterfaceOrientationLandscapeLeft;
				INFOPLIST_KEY_UIUserInterfaceStyle = Light;
				IPHONEOS_DEPLOYMENT_TARGET = 16.0;
				LD_RUNPATH_SEARCH_PATHS = (
					"$(inherited)",
					"@executable_path/Frameworks",
				);
				MARKETING_VERSION = 1.2;
				PRODUCT_BUNDLE_IDENTIFIER = "Apps15.Ai-Analyzer";
				PRODUCT_NAME = "$(TARGET_NAME)";
				SUPPORTED_PLATFORMS = "iphoneos iphonesimulator";
				SUPPORTS_MACCATALYST = NO;
				SWIFT_EMIT_LOC_STRINGS = YES;
				SWIFT_VERSION = 5.0;
				TARGETED_DEVICE_FAMILY = 1;
			};
			name = Debug;
		};
		6AA280D52BF0A0AD00B94298 /* Release */ = {
			isa = XCBuildConfiguration;
			buildSettings = {
				ASSETCATALOG_COMPILER_APPICON_NAME = AppIcon;
				ASSETCATALOG_COMPILER_GLOBAL_ACCENT_COLOR_NAME = AccentColor;
				CODE_SIGN_STYLE = Automatic;
				CURRENT_PROJECT_VERSION = 10;
				DEVELOPMENT_TEAM = N94VNUZC4A;
				GENERATE_INFOPLIST_FILE = YES;
				INFOPLIST_FILE = "Ai Analyzer/Info.plist";
				INFOPLIST_KEY_CFBundleDisplayName = "Ai Simplify";
				INFOPLIST_KEY_LSApplicationCategoryType = "public.app-category.education";
				INFOPLIST_KEY_NSCameraUsageDescription = "We want to use camera in order to detect texts to summarize it.";
				INFOPLIST_KEY_UIApplicationSupportsIndirectInputEvents = YES;
				INFOPLIST_KEY_UILaunchStoryboardName = LaunchScreen;
				INFOPLIST_KEY_UIMainStoryboardFile = Main;
				INFOPLIST_KEY_UISupportedInterfaceOrientations = UIInterfaceOrientationPortrait;
				INFOPLIST_KEY_UISupportedInterfaceOrientations_iPad = UIInterfaceOrientationLandscapeLeft;
				INFOPLIST_KEY_UIUserInterfaceStyle = Light;
				IPHONEOS_DEPLOYMENT_TARGET = 16.0;
				LD_RUNPATH_SEARCH_PATHS = (
					"$(inherited)",
					"@executable_path/Frameworks",
				);
				MARKETING_VERSION = 1.2;
				PRODUCT_BUNDLE_IDENTIFIER = "Apps15.Ai-Analyzer";
				PRODUCT_NAME = "$(TARGET_NAME)";
				SUPPORTED_PLATFORMS = "iphoneos iphonesimulator";
				SUPPORTS_MACCATALYST = NO;
				SWIFT_EMIT_LOC_STRINGS = YES;
				SWIFT_VERSION = 5.0;
				TARGETED_DEVICE_FAMILY = 1;
			};
			name = Release;
		};
/* End XCBuildConfiguration section */

/* Begin XCConfigurationList section */
		6AA280BA2BF0A0AB00B94298 /* Build configuration list for PBXProject "Ai Analyzer" */ = {
			isa = XCConfigurationList;
			buildConfigurations = (
				6AA280D12BF0A0AD00B94298 /* Debug */,
				6AA280D22BF0A0AD00B94298 /* Release */,
			);
			defaultConfigurationIsVisible = 0;
			defaultConfigurationName = Release;
		};
		6AA280D32BF0A0AD00B94298 /* Build configuration list for PBXNativeTarget "Ai Analyzer" */ = {
			isa = XCConfigurationList;
			buildConfigurations = (
				6AA280D42BF0A0AD00B94298 /* Debug */,
				6AA280D52BF0A0AD00B94298 /* Release */,
			);
			defaultConfigurationIsVisible = 0;
			defaultConfigurationName = Release;
		};
/* End XCConfigurationList section */

/* Begin XCRemoteSwiftPackageReference section */
		6A3F1CC72BF3B298006A8AF4 /* XCRemoteSwiftPackageReference "purchases-ios" */ = {
			isa = XCRemoteSwiftPackageReference;
			repositoryURL = "https://github.com/RevenueCat/purchases-ios";
			requirement = {
				kind = upToNextMajorVersion;
				minimumVersion = 4.41.2;
			};
		};
		6A4023102BF0AB85007E2664 /* XCRemoteSwiftPackageReference "IQKeyboardManager" */ = {
			isa = XCRemoteSwiftPackageReference;
			repositoryURL = "https://github.com/hackiftekhar/IQKeyboardManager";
			requirement = {
				kind = upToNextMajorVersion;
				minimumVersion = 7.0.3;
			};
		};
		6A40231B2BF112AC007E2664 /* XCRemoteSwiftPackageReference "lottie-ios" */ = {
			isa = XCRemoteSwiftPackageReference;
			repositoryURL = "https://github.com/airbnb/lottie-ios";
			requirement = {
				kind = upToNextMajorVersion;
				minimumVersion = 4.4.3;
			};
		};
		6AAEC7422BF4D3D5007BC1EB /* XCRemoteSwiftPackageReference "firebase-ios-sdk" */ = {
			isa = XCRemoteSwiftPackageReference;
			repositoryURL = "https://github.com/firebase/firebase-ios-sdk";
			requirement = {
				kind = upToNextMajorVersion;
				minimumVersion = 10.26.0;
			};
		};
/* End XCRemoteSwiftPackageReference section */

/* Begin XCSwiftPackageProductDependency section */
		6A3F1CC82BF3B298006A8AF4 /* RevenueCat */ = {
			isa = XCSwiftPackageProductDependency;
			package = 6A3F1CC72BF3B298006A8AF4 /* XCRemoteSwiftPackageReference "purchases-ios" */;
			productName = RevenueCat;
		};
		6A4023112BF0AB86007E2664 /* IQKeyboardManagerSwift */ = {
			isa = XCSwiftPackageProductDependency;
			package = 6A4023102BF0AB85007E2664 /* XCRemoteSwiftPackageReference "IQKeyboardManager" */;
			productName = IQKeyboardManagerSwift;
		};
		6A40231C2BF112AD007E2664 /* Lottie */ = {
			isa = XCSwiftPackageProductDependency;
			package = 6A40231B2BF112AC007E2664 /* XCRemoteSwiftPackageReference "lottie-ios" */;
			productName = Lottie;
		};
		6AAEC7432BF4D3D5007BC1EB /* FirebaseAnalyticsOnDeviceConversion */ = {
			isa = XCSwiftPackageProductDependency;
			package = 6AAEC7422BF4D3D5007BC1EB /* XCRemoteSwiftPackageReference "firebase-ios-sdk" */;
			productName = FirebaseAnalyticsOnDeviceConversion;
		};
		6AAEC7452BF4D3D5007BC1EB /* FirebaseAnalyticsWithoutAdIdSupport */ = {
			isa = XCSwiftPackageProductDependency;
			package = 6AAEC7422BF4D3D5007BC1EB /* XCRemoteSwiftPackageReference "firebase-ios-sdk" */;
			productName = FirebaseAnalyticsWithoutAdIdSupport;
		};
/* End XCSwiftPackageProductDependency section */
	};
	rootObject = 6AA280B72BF0A0AB00B94298 /* Project object */;
}
